
Microsoft Visual Studio Solution File, Format Version 12.00
Project("{FAE04EC0-301F-11D3-BF4B-00C04F79EFBC}") = "APBD_s24479_CF", "APBD_s24479_CF\APBD_s24479_CF.csproj", "{A59299FD-FD4B-45A2-8522-D038C38B12BB}"
EndProject
Global
	GlobalSection(SolutionConfigurationPlatforms) = preSolution
		Debug|Any CPU = Debug|Any CPU
		Release|Any CPU = Release|Any CPU
	EndGlobalSection
	GlobalSection(ProjectConfigurationPlatforms) = postSolution
		{A59299FD-FD4B-45A2-8522-D038C38B12BB}.Debug|Any CPU.ActiveCfg = Debug|Any CPU
		{A59299FD-FD4B-45A2-8522-D038C38B12BB}.Debug|Any CPU.Build.0 = Debug|Any CPU
		{A59299FD-FD4B-45A2-8522-D038C38B12BB}.Release|Any CPU.ActiveCfg = Release|Any CPU
		{A59299FD-FD4B-45A2-8522-D038C38B12BB}.Release|Any CPU.Build.0 = Release|Any CPU
	EndGlobalSection
EndGlobal
